version = 1
requires-python = ">=3.13"

[[package]]
name = "dearpygui"
version = "2.0.0"
source = { registry = "https://pypi.org/simple" }
wheels = [
    { url = "https://files.pythonhosted.org/packages/79/58/4e1744d2af72a3aa432fd82aeb97dcbc43351b17f837d879b4c4926bd16c/dearpygui-2.0.0-cp313-cp313-macosx_10_6_x86_64.whl", hash = "sha256:3bf0aa19baedb4f130b8de636d4644740ffd9b7008481794c574bf59240808dc", size = 2223494 },
    { url = "https://files.pythonhosted.org/packages/70/e0/09885f99df476d03e573183a755dc515cd88565cdbf036c385f0dda41dbb/dearpygui-2.0.0-cp313-cp313-macosx_13_0_arm64.whl", hash = "sha256:ae6fc9aa3390b29387c2bc2bf3ac7a92c10eae2b479818171864fc29a7de344e", size = 1873562 },
    { url = "https://files.pythonhosted.org/packages/d6/2b/0714feed9e072377d575cb8801ac13a909f7880ca51c9dd6f2d768bcd1ba/dearpygui-2.0.0-cp313-cp313-manylinux1_x86_64.whl", hash = "sha256:f02b0ab56700a775d7e6446e3c424d5bed3386efe721a04518d02461851daadf", size = 2636153 },
    { url = "https://files.pythonhosted.org/packages/55/9e/a957ffc21d12a1fb66d611f82871944565112b44afa0856bb15c6ece77d5/dearpygui-2.0.0-cp313-cp313-win_amd64.whl", hash = "sha256:e3d52057f49773b10808962806711c3b3119e829d36407afb84ad50522edc9b0", size = 1814308 },
]

[[package]]
name = "entity-editor-poc"
version = "0.1.0"
source = { virtual = "." }
dependencies = [
    { name = "dearpygui" },
    { name = "tomlkit" },
]

[package.metadata]
requires-dist = [
    { name = "dearpygui", specifier = ">=1.11.1" },
    { name = "tomlkit", specifier = ">=0.12.5" },
]

[[package]]
name = "tomlkit"
version = "0.13.2"
source = { registry = "https://pypi.org/simple" }
sdist = { url = "https://files.pythonhosted.org/packages/b1/09/a439bec5888f00a54b8b9f05fa94d7f901d6735ef4e55dcec9bc37b5d8fa/tomlkit-0.13.2.tar.gz", hash = "sha256:fff5fe59a87295b278abd31bec92c15d9bc4a06885ab12bcea52c71119392e79", size = 192885 }
wheels = [
    { url = "https://files.pythonhosted.org/packages/f9/b6/a447b5e4ec71e13871be01ba81f5dfc9d0af7e473da256ff46bc0e24026f/tomlkit-0.13.2-py3-none-any.whl", hash = "sha256:7a974427f6e119197f670fbbbeae7bef749a6c14e793db934baefc1b5f03efde", size = 37955 },
]
